
Microsoft Visual Studio Solution File, Format Version 12.00
# Visual Studio Version 17
VisualStudioVersion = 17.14.36518.9 d17.14
MinimumVisualStudioVersion = 10.0.40219.1
Project("{FAE04EC0-301F-11D3-BF4B-00C04F79EFBC}") = "ServerApp", "ServerApp\ServerApp.csproj", "{2B379EFC-FEBA-43ED-8B46-14DC378BCFCC}"
EndProject
Project("{FAE04EC0-301F-11D3-BF4B-00C04F79EFBC}") = "ClientApp", "ClientApp\ClientApp.csproj", "{49063EB2-C131-4593-9FD9-A5633429159C}"
EndProject
Project("{FAE04EC0-301F-11D3-BF4B-00C04F79EFBC}") = "Shared", "Shared\Shared.csproj", "{3A1EC2A7-5350-42E9-A321-8A678772FA22}"
EndProject
Global
	GlobalSection(SolutionConfigurationPlatforms) = preSolution
		Debug|Any CPU = Debug|Any CPU
		Release|Any CPU = Release|Any CPU
	EndGlobalSection
	GlobalSection(ProjectConfigurationPlatforms) = postSolution
		{2B379EFC-FEBA-43ED-8B46-14DC378BCFCC}.Debug|Any CPU.ActiveCfg = Debug|Any CPU
		{2B379EFC-FEBA-43ED-8B46-14DC378BCFCC}.Debug|Any CPU.Build.0 = Debug|Any CPU
		{2B379EFC-FEBA-43ED-8B46-14DC378BCFCC}.Release|Any CPU.ActiveCfg = Release|Any CPU
		{2B379EFC-FEBA-43ED-8B46-14DC378BCFCC}.Release|Any CPU.Build.0 = Release|Any CPU
		{49063EB2-C131-4593-9FD9-A5633429159C}.Debug|Any CPU.ActiveCfg = Debug|Any CPU
		{49063EB2-C131-4593-9FD9-A5633429159C}.Debug|Any CPU.Build.0 = Debug|Any CPU
		{49063EB2-C131-4593-9FD9-A5633429159C}.Release|Any CPU.ActiveCfg = Release|Any CPU
		{49063EB2-C131-4593-9FD9-A5633429159C}.Release|Any CPU.Build.0 = Release|Any CPU
		{3A1EC2A7-5350-42E9-A321-8A678772FA22}.Debug|Any CPU.ActiveCfg = Debug|Any CPU
		{3A1EC2A7-5350-42E9-A321-8A678772FA22}.Debug|Any CPU.Build.0 = Debug|Any CPU
		{3A1EC2A7-5350-42E9-A321-8A678772FA22}.Release|Any CPU.ActiveCfg = Release|Any CPU
		{3A1EC2A7-5350-42E9-A321-8A678772FA22}.Release|Any CPU.Build.0 = Release|Any CPU
	EndGlobalSection
	GlobalSection(SolutionProperties) = preSolution
		HideSolutionNode = FALSE
	EndGlobalSection
	GlobalSection(ExtensibilityGlobals) = postSolution
		SolutionGuid = {7318CD8D-2FEC-4815-AA10-B92284865FBD}
	EndGlobalSection
EndGlobal
